
Microsoft Visual Studio Solution File, Format Version 12.00
# Visual Studio Version 17
VisualStudioVersion = 17.0.31423.177
MinimumVisualStudioVersion = 10.0.40219.1
Project("{FAE04EC0-301F-11D3-BF4B-00C04F79EFBC}") = "Curso de netcore", "Curso de netcore\Curso de netcore.csproj", "{9EC21E82-F23A-4BE4-879E-7EA9BBE5532D}"
EndProject
Global
	GlobalSection(SolutionConfigurationPlatforms) = preSolution
		Debug|Any CPU = Debug|Any CPU
		Release|Any CPU = Release|Any CPU
	EndGlobalSection
	GlobalSection(ProjectConfigurationPlatforms) = postSolution
		{9EC21E82-F23A-4BE4-879E-7EA9BBE5532D}.Debug|Any CPU.ActiveCfg = Debug|Any CPU
		{9EC21E82-F23A-4BE4-879E-7EA9BBE5532D}.Debug|Any CPU.Build.0 = Debug|Any CPU
		{9EC21E82-F23A-4BE4-879E-7EA9BBE5532D}.Release|Any CPU.ActiveCfg = Release|Any CPU
		{9EC21E82-F23A-4BE4-879E-7EA9BBE5532D}.Release|Any CPU.Build.0 = Release|Any CPU
	EndGlobalSection
	GlobalSection(SolutionProperties) = preSolution
		HideSolutionNode = FALSE
	EndGlobalSection
	GlobalSection(ExtensibilityGlobals) = postSolution
		SolutionGuid = {CAF91141-57FE-436F-80A4-87CCD6E7FD23}
	EndGlobalSection
EndGlobal
